{
  "version": 1,
  "dependencies": {
    "net10.0": {
      "AWSSDK.S3": {
        "type": "Direct",
        "requested": "[4.0.*, )",
        "resolved": "4.0.101.3",
        "contentHash": "WT2Ae507GcFE2SFZwHpGNcGaCR0GvNS4Ea2+iuSTwYxlTid4YPVLjpUQlU34gB2CNII8TwdkvHWBbqh7va0ZWA==",
        "dependencies": {
          "AWSSDK.Core": "[4.0.100.6, 5.0.0)"
        }
      },
      "BouncyCastle.Cryptography": {
        "type": "Direct",
        "requested": "[2.6.2, )",
        "resolved": "2.6.2",
        "contentHash": "7oWOcvnntmMKNzDLsdxAYqApt+AjpRpP2CShjMfIa3umZ42UQMvH0tl1qAliYPNYO6vTdcGMqnRrCPmsfzTI1w=="
      },
      "DotNetEnv": {
        "type": "Direct",
        "requested": "[3.*, )",
        "resolved": "3.2.0",
        "contentHash": "2q+PD+aJcRW9QuRcIv4F8WbvEDxI6cwxzZJec2i45cBY4cAKCAoW4ZPkApJ7H82wr6Yfmxx/0kb1nLnRmZrGZA==",
        "dependencies": {
          "Superpower": "3.0.0"
        }
      },
      "Handlebars.Net": {
        "type": "Direct",
        "requested": "[2.1.6, )",
        "resolved": "2.1.6",
        "contentHash": "WsYWCEXsIM6hEOSOSRHtIYLjC8BnbT5MVmqhNKRqUI7qiv0t8x3nJiBTEv0ZZfvUAMAFnadGIzSsS/U2anVG1Q=="
      },
      "Microsoft.AspNetCore.OpenApi": {
        "type": "Direct",
        "requested": "[10.0.10, )",
        "resolved": "10.0.10",
        "contentHash": "d4Atx9IHq7JgX0F/h7Db+m9zAUzC+cKdI9k+OWnnyQIOUQtfvjIEuhvbjPigVMkAmPUgCbJ8Yp6M9ghUqHtJSQ==",
        "dependencies": {
          "Microsoft.OpenApi": "2.0.0"
        }
      },
      "Microsoft.OpenApi": {
        "type": "Direct",
        "requested": "[2.10.0, )",
        "resolved": "2.10.0",
        "contentHash": "tD7ve8JrWfJ+aRfW7J9yDj8t6pbMOzdr8nSc5BlIZaIRxqZZ67RJ8J69//Tx6HHSNFsqomBbipkPP20opnqvMg=="
      },
      "OpenTelemetry.Exporter.Console": {
        "type": "Direct",
        "requested": "[1.*, )",
        "resolved": "1.17.0",
        "contentHash": "sSoCa2DMCkw7tQabiVduwKWVyg9ungCiwh+0JuDPODF6CuYvR+OCuJwqcbzJsTMecWQrbgL8OYWAt3GC5tJGhw==",
        "dependencies": {
          "OpenTelemetry": "1.17.0"
        }
      },
      "OpenTelemetry.Exporter.OpenTelemetryProtocol": {
        "type": "Direct",
        "requested": "[1.*, )",
        "resolved": "1.17.0",
        "contentHash": "R1omQOrQpGlS0Cp5UIr/TAiuEA48JrPlgr1NPV5gESiTU7HhWU+ILe2EBSYb1fKdsSavZ7nZkHcUxAzofPqr2A==",
        "dependencies": {
          "OpenTelemetry": "1.17.0"
        }
      },
      "OpenTelemetry.Extensions.Hosting": {
        "type": "Direct",
        "requested": "[1.*, )",
        "resolved": "1.17.0",
        "contentHash": "t1OwL/4qgboGMobYVT+UV5zgWnFqCp4Pw8lcsmzh8m2K8PQsTKkyxrC32tqYTMYny3GOW4q5cltE3dTVzLmRew==",
        "dependencies": {
          "OpenTelemetry": "1.17.0"
        }
      },
      "OpenTelemetry.Instrumentation.AspNetCore": {
        "type": "Direct",
        "requested": "[1.*, )",
        "resolved": "1.17.0",
        "contentHash": "rGbmk1vuy1kvgZmE0ps7Vb99YZvDap6AalrrF60FwnNit1uW/PbeFZj1cpb0T8MPkYmjhBrRJ1/JB6QqXkRjHA==",
        "dependencies": {
          "OpenTelemetry.Api.ProviderBuilderExtensions": "[1.17.0, 2.0.0)"
        }
      },
      "OpenTelemetry.Instrumentation.Http": {
        "type": "Direct",
        "requested": "[1.*, )",
        "resolved": "1.17.0",
        "contentHash": "uTwVtxIJ/xB96wGYTaDsbkJVeCFdUxTwvrlDUn2YJixy0UuKc8DvQMzwKNJMTzNFiiyYO9c40id6tUHTmWs33A==",
        "dependencies": {
          "OpenTelemetry.Api.ProviderBuilderExtensions": "[1.17.0, 2.0.0)"
        }
      },
      "Serilog.AspNetCore": {
        "type": "Direct",
        "requested": "[9.*, )",
        "resolved": "9.0.0",
        "contentHash": "JslDajPlBsn3Pww1554flJFTqROvK9zz9jONNQgn0D8Lx2Trw8L0A8/n6zEQK1DAZWXrJwiVLw8cnTR3YFuYsg==",
        "dependencies": {
          "Serilog": "4.2.0",
          "Serilog.Extensions.Hosting": "9.0.0",
          "Serilog.Formatting.Compact": "3.0.0",
          "Serilog.Settings.Configuration": "9.0.0",
          "Serilog.Sinks.Console": "6.0.0",
          "Serilog.Sinks.Debug": "3.0.0",
          "Serilog.Sinks.File": "6.0.0"
        }
      },
      "Serilog.Enrichers.Environment": {
        "type": "Direct",
        "requested": "[3.*, )",
        "resolved": "3.0.1",
        "contentHash": "9BqCE4C9FF+/rJb/CsQwe7oVf44xqkOvMwX//CUxvUR25lFL4tSS6iuxE5eW07quby1BAyAEP+vM6TWsnT3iqw==",
        "dependencies": {
          "Serilog": "4.0.0"
        }
      },
      "Serilog.Enrichers.Thread": {
        "type": "Direct",
        "requested": "[4.*, )",
        "resolved": "4.0.0",
        "contentHash": "C7BK25a1rhUyr+Tp+1BYcVlBJq7M2VCHlIgnwoIUVJcicM9jYcvQK18+OeHiXw7uLPSjqWxJIp1EfaZ/RGmEwA==",
        "dependencies": {
          "Serilog": "4.0.0"
        }
      },
      "Serilog.Sinks.Console": {
        "type": "Direct",
        "requested": "[6.*, )",
        "resolved": "6.1.1",
        "contentHash": "8jbqgjUyZlfCuSTaJk6lOca465OndqOz3KZP6Cryt/IqZYybyBu7GP0fE/AXBzrrQB3EBmQntBFAvMVz1COvAA==",
        "dependencies": {
          "Serilog": "4.0.0"
        }
      },
      "Stripe.net": {
        "type": "Direct",
        "requested": "[52.1.1, )",
        "resolved": "52.1.1",
        "contentHash": "YR8RgHl5WEHbcNJUTv37PQzVPqt1I8i+2sepl+/aRDChqGh2EQwavbbAuytTu1hj+u42GLzUksbBlukTeONwUA==",
        "dependencies": {
          "Newtonsoft.Json": "13.0.3",
          "System.Configuration.ConfigurationManager": "9.0.0"
        }
      },
      "System.IO.Abstractions": {
        "type": "Direct",
        "requested": "[22.*, )",
        "resolved": "22.2.0",
        "contentHash": "fwnNXyIPb7ABPLae6K9YZz0FAkRjb2s/nElRWrg73usMveY/qdOHjKaNvAF7iAfmzTl1W4wa7S/SnmIc4LDvTg==",
        "dependencies": {
          "TestableIO.System.IO.Abstractions": "22.2.0",
          "TestableIO.System.IO.Abstractions.Wrappers": "22.2.0"
        }
      },
      "AWSSDK.Core": {
        "type": "Transitive",
        "resolved": "4.0.100.6",
        "contentHash": "n5B+GywQ+B6E92ULn75KzF1Mn9USXZocgAkZ6NTDsYgHQFfXldC2+CBZgpg/by2OuuJ/TvEeRwHDCE+0xRBsFw=="
      },
      "Microsoft.Extensions.DependencyModel": {
        "type": "Transitive",
        "resolved": "9.0.0",
        "contentHash": "saxr2XzwgDU77LaQfYFXmddEDRUKHF4DaGMZkNB3qjdVSZlax3//dGJagJkKrGMIPNZs2jVFXITyCCR6UHJNdA=="
      },
      "Newtonsoft.Json": {
        "type": "Transitive",
        "resolved": "13.0.3",
        "contentHash": "HrC5BXdl00IP9zeV+0Z848QWPAoCr9P3bDEZguI+gkLcBKAOxix/tLEAAHC+UvDNPv4a2d18lOReHMOagPa+zQ=="
      },
      "OpenTelemetry": {
        "type": "Transitive",
        "resolved": "1.17.0",
        "contentHash": "rMLOTftlMlTm7+MSrvXDHnJRjVkROFNKXHZrYjOsX+LankaFG7QSflx7qRRGjoqZoirohnxmJQ7GEb9occO4Gg==",
        "dependencies": {
          "OpenTelemetry.Api.ProviderBuilderExtensions": "1.17.0"
        }
      },
      "OpenTelemetry.Api": {
        "type": "Transitive",
        "resolved": "1.17.0",
        "contentHash": "mSBxzomZgHIJu9CyVNqyDu/n2JHEtqVgfcCD1Br0cV5iLYogjZOMqhlVLt99PEp+0KGBNUR3GXgeOdN2GR3F9g=="
      },
      "OpenTelemetry.Api.ProviderBuilderExtensions": {
        "type": "Transitive",
        "resolved": "1.17.0",
        "contentHash": "Xgc3Qf9B9TFMFpx6exTdGqMWuYIT2miNzkdMPutVvT9YuMFaEovXWke1Gb6z8NxYaQbbGF38vYLuSg1JCeui5Q==",
        "dependencies": {
          "OpenTelemetry.Api": "1.17.0"
        }
      },
      "Serilog": {
        "type": "Transitive",
        "resolved": "4.2.0",
        "contentHash": "gmoWVOvKgbME8TYR+gwMf7osROiWAURterc6Rt2dQyX7wtjZYpqFiA/pY6ztjGQKKV62GGCyOcmtP1UKMHgSmA=="
      },
      "Serilog.Extensions.Hosting": {
        "type": "Transitive",
        "resolved": "9.0.0",
        "contentHash": "u2TRxuxbjvTAldQn7uaAwePkWxTHIqlgjelekBtilAGL5sYyF3+65NWctN4UrwwGLsDC7c3Vz3HnOlu+PcoxXg==",
        "dependencies": {
          "Serilog": "4.2.0",
          "Serilog.Extensions.Logging": "9.0.0"
        }
      },
      "Serilog.Extensions.Logging": {
        "type": "Transitive",
        "resolved": "9.0.0",
        "contentHash": "NwSSYqPJeKNzl5AuXVHpGbr6PkZJFlNa14CdIebVjK3k/76kYj/mz5kiTRNVSsSaxM8kAIa1kpy/qyT9E4npRQ==",
        "dependencies": {
          "Serilog": "4.2.0"
        }
      },
      "Serilog.Formatting.Compact": {
        "type": "Transitive",
        "resolved": "3.0.0",
        "contentHash": "wQsv14w9cqlfB5FX2MZpNsTawckN4a8dryuNGbebB/3Nh1pXnROHZov3swtu3Nj5oNG7Ba+xdu7Et/ulAUPanQ==",
        "dependencies": {
          "Serilog": "4.0.0"
        }
      },
      "Serilog.Settings.Configuration": {
        "type": "Transitive",
        "resolved": "9.0.0",
        "contentHash": "4/Et4Cqwa+F88l5SeFeNZ4c4Z6dEAIKbu3MaQb2Zz9F/g27T5a3wvfMcmCOaAiACjfUb4A6wrlTVfyYUZk3RRQ==",
        "dependencies": {
          "Microsoft.Extensions.DependencyModel": "9.0.0",
          "Serilog": "4.2.0"
        }
      },
      "Serilog.Sinks.Debug": {
        "type": "Transitive",
        "resolved": "3.0.0",
        "contentHash": "4BzXcdrgRX7wde9PmHuYd9U6YqycCC28hhpKonK7hx0wb19eiuRj16fPcPSVp0o/Y1ipJuNLYQ00R3q2Zs8FDA==",
        "dependencies": {
          "Serilog": "4.0.0"
        }
      },
      "Serilog.Sinks.File": {
        "type": "Transitive",
        "resolved": "6.0.0",
        "contentHash": "lxjg89Y8gJMmFxVkbZ+qDgjl+T4yC5F7WSLTvA+5q0R04tfKVLRL/EHpYoJ/MEQd2EeCKDuylBIVnAYMotmh2A==",
        "dependencies": {
          "Serilog": "4.0.0"
        }
      },
      "Superpower": {
        "type": "Transitive",
        "resolved": "3.0.0",
        "contentHash": "bjKbAYWePooCAvPxQq+3KnmcLfRggMyRoXmtBMlmCG71bdwBHrO6rmRJ2DRIodg5aztNcxeZXBUVWT+H+MZUhw=="
      },
      "System.Configuration.ConfigurationManager": {
        "type": "Transitive",
        "resolved": "9.0.0",
        "contentHash": "PdkuMrwDhXoKFo/JxISIi9E8L+QGn9Iquj2OKDWHB6Y/HnUOuBouF7uS3R4Hw3FoNmwwMo6hWgazQdyHIIs27A==",
        "dependencies": {
          "System.Security.Cryptography.ProtectedData": "9.0.0"
        }
      },
      "System.Security.Cryptography.ProtectedData": {
        "type": "Transitive",
        "resolved": "9.0.0",
        "contentHash": "CJW+x/F6fmRQ7N6K8paasTw9PDZp4t7G76UjGNlSDgoHPF0h08vTzLYbLZpOLEJSg35d5wy2jCXGo84EN05DpQ=="
      },
      "TestableIO.System.IO.Abstractions": {
        "type": "Transitive",
        "resolved": "22.2.0",
        "contentHash": "BQPyr0A1s2HvpVTZIyolrZ3ZdPn8DU2tqciaK1oco3pjm76fiKIk75eup4R9reZjNS75M+WJIICOlNX5OFt50g==",
        "dependencies": {
          "Testably.Abstractions.FileSystem.Interface": "10.3.0"
        }
      },
      "TestableIO.System.IO.Abstractions.Wrappers": {
        "type": "Transitive",
        "resolved": "22.2.0",
        "contentHash": "0GW9i46ozm687WGAWsBHWMhLR7l1HmKwhiSU2hQrbFnI5m2YRfqXwqTQNjnOwT8BdbvcGqwMr97/zlnPWa1u1Q==",
        "dependencies": {
          "Testably.Abstractions.FileSystem.Interface": "10.3.0"
        }
      },
      "Testably.Abstractions.FileSystem.Interface": {
        "type": "Transitive",
        "resolved": "10.3.0",
        "contentHash": "5ebMaoADkzjfW7GnZYKaUebV8XmUn++C/4sKk1PTzCiddEgbSKBq3pW4EWEi70rYJAK0gA1yDWrYFeHq18FvHQ=="
      }
    }
  }
}