{
  "version": 1,
  "dependencies": {
    "net10.0": {
      "AWSSDK.S3": {
        "type": "Direct",
        "requested": "[3.7.*, )",
        "resolved": "3.7.511.5",
        "contentHash": "+QaExRqAPOb5qAMQ9JOeWAofmef8poChLRgZsefpiLos6AFpOVoRzwkwgkp5H1ajCc7OMDldUC2oVAt4hAPdyg==",
        "dependencies": {
          "AWSSDK.Core": "[3.7.500.95, 4.0.0)"
        }
      },
      "DotNetEnv": {
        "type": "Direct",
        "requested": "[3.*, )",
        "resolved": "3.1.1",
        "contentHash": "o4SqUVCq0pqHF/HYsZk6k22XGIVmvsDVo+Dy7l0ubq9uQ45JkXswrMRJmYvhGLXWFYF0M5OupMonytB+0zvpGQ==",
        "dependencies": {
          "NETStandard.Library": "1.6.1",
          "Sprache": "2.3.1"
        }
      },
      "Handlebars.Net": {
        "type": "Direct",
        "requested": "[2.1.6, )",
        "resolved": "2.1.6",
        "contentHash": "WsYWCEXsIM6hEOSOSRHtIYLjC8BnbT5MVmqhNKRqUI7qiv0t8x3nJiBTEv0ZZfvUAMAFnadGIzSsS/U2anVG1Q=="
      },
      "Microsoft.AspNetCore.OpenApi": {
        "type": "Direct",
        "requested": "[10.0.4, )",
        "resolved": "10.0.4",
        "contentHash": "OsEhbmT4Xenukau5YCR867gr/HmuAJ9DqMBPQGTcmdNU/TqBqdcnB+yLNwD/mTdkHzLBB+XG7cI4H1L5B1jx+Q==",
        "dependencies": {
          "Microsoft.OpenApi": "2.0.0"
        }
      },
      "OpenTelemetry.Exporter.Console": {
        "type": "Direct",
        "requested": "[1.*, )",
        "resolved": "1.15.2",
        "contentHash": "25RBbplOlkSHyKF9qVAA5DhGm47v0ghI++75ZgrUqOQKoEJ5GLOww77q625Z0WEZoJE7XyrCRBXIE7ggKoH41g==",
        "dependencies": {
          "OpenTelemetry": "1.15.2"
        }
      },
      "OpenTelemetry.Exporter.OpenTelemetryProtocol": {
        "type": "Direct",
        "requested": "[1.*, )",
        "resolved": "1.15.2",
        "contentHash": "qHAkKEGQ0REcwFP/gmldTbo3NxgG+0R6od5N7ndyXuJYqWRaWF38bko0KQkK57skSapMUXS8twQbHNMEEYCKLg==",
        "dependencies": {
          "OpenTelemetry": "1.15.2"
        }
      },
      "OpenTelemetry.Extensions.Hosting": {
        "type": "Direct",
        "requested": "[1.*, )",
        "resolved": "1.15.2",
        "contentHash": "T2nEP/lABOab8w8espx5biYGghw8errNlhhMLYmoXEhGT6EGB4CNhZInJPC+tOvlGUGFe54NM3TdSATxebwJ8g==",
        "dependencies": {
          "OpenTelemetry": "1.15.2"
        }
      },
      "OpenTelemetry.Instrumentation.AspNetCore": {
        "type": "Direct",
        "requested": "[1.*, )",
        "resolved": "1.15.1",
        "contentHash": "wXaZTu6LHY8xcbRd6ClcrtjHqGVoGYCcArXEZA3iUjUcYSVYwDGyPU0PdkwTfylxv8JeCCVDQhVb0fT7xBJjGA==",
        "dependencies": {
          "OpenTelemetry.Api.ProviderBuilderExtensions": "[1.15.0, 2.0.0)"
        }
      },
      "OpenTelemetry.Instrumentation.Http": {
        "type": "Direct",
        "requested": "[1.*, )",
        "resolved": "1.15.0",
        "contentHash": "uToc7bUp8IEdb0ny9mKsL6FrrYelINPzxxiSShJgOf4XmQc4Azww6S5RjRj24YhsOn2a1MABOrxfVTZXtDk4Eg==",
        "dependencies": {
          "OpenTelemetry.Api.ProviderBuilderExtensions": "[1.15.0, 2.0.0)"
        }
      },
      "Serilog.AspNetCore": {
        "type": "Direct",
        "requested": "[10.*, )",
        "resolved": "10.0.0",
        "contentHash": "a/cNa1mY4On1oJlfGG1wAvxjp5g7OEzk/Jf/nm7NF9cWoE7KlZw1GldrifUBWm9oKibHkR7Lg/l5jy3y7ACR8w==",
        "dependencies": {
          "Serilog": "4.3.0",
          "Serilog.Extensions.Hosting": "10.0.0",
          "Serilog.Formatting.Compact": "3.0.0",
          "Serilog.Settings.Configuration": "10.0.0",
          "Serilog.Sinks.Console": "6.1.1",
          "Serilog.Sinks.Debug": "3.0.0",
          "Serilog.Sinks.File": "7.0.0"
        }
      },
      "Serilog.Enrichers.Environment": {
        "type": "Direct",
        "requested": "[3.*, )",
        "resolved": "3.0.1",
        "contentHash": "9BqCE4C9FF+/rJb/CsQwe7oVf44xqkOvMwX//CUxvUR25lFL4tSS6iuxE5eW07quby1BAyAEP+vM6TWsnT3iqw==",
        "dependencies": {
          "Serilog": "4.0.0"
        }
      },
      "Serilog.Enrichers.Thread": {
        "type": "Direct",
        "requested": "[4.*, )",
        "resolved": "4.0.0",
        "contentHash": "C7BK25a1rhUyr+Tp+1BYcVlBJq7M2VCHlIgnwoIUVJcicM9jYcvQK18+OeHiXw7uLPSjqWxJIp1EfaZ/RGmEwA==",
        "dependencies": {
          "Serilog": "4.0.0"
        }
      },
      "Serilog.Sinks.Console": {
        "type": "Direct",
        "requested": "[6.*, )",
        "resolved": "6.1.1",
        "contentHash": "8jbqgjUyZlfCuSTaJk6lOca465OndqOz3KZP6Cryt/IqZYybyBu7GP0fE/AXBzrrQB3EBmQntBFAvMVz1COvAA==",
        "dependencies": {
          "Serilog": "4.0.0"
        }
      },
      "Stripe.net": {
        "type": "Direct",
        "requested": "[51.0.0, )",
        "resolved": "51.0.0",
        "contentHash": "9m29CCGBuFjmpj5Qa5bkAfiIUwx5/YoBikjg8vnyj88ecV6gHMWMtWCJLSZCtyKPYInS7auGdnSNp5HxeGP+XA==",
        "dependencies": {
          "Newtonsoft.Json": "13.0.3",
          "System.Configuration.ConfigurationManager": "9.0.0"
        }
      },
      "System.IO.Abstractions": {
        "type": "Direct",
        "requested": "[21.2.1, )",
        "resolved": "21.2.1",
        "contentHash": "fLz5LB8tl52AXw/e9rk3BV259TUHG/Yp7PgXGWQuiGvSERAv0ABXhtArSOEdx4K+VlXEh90zFgYYGcZza9VyFA==",
        "dependencies": {
          "TestableIO.System.IO.Abstractions": "21.2.1",
          "TestableIO.System.IO.Abstractions.Wrappers": "21.2.1"
        }
      },
      "AWSSDK.Core": {
        "type": "Transitive",
        "resolved": "3.7.500.95",
        "contentHash": "q0iRQctC0n98mmqc5qksC7zNSl8ozBzyTFaCdcUtACsw5RXx5dO2EeO+AP9daVTLLszHXL61CZ7JCj8CwRMdow=="
      },
      "Microsoft.Extensions.DependencyModel": {
        "type": "Transitive",
        "resolved": "10.0.0",
        "contentHash": "RFYJR7APio/BiqdQunRq6DB+nDB6nc2qhHr77mlvZ0q0BT8PubMXN7XicmfzCbrDE/dzhBnUKBRXLTcqUiZDGg=="
      },
      "Microsoft.NETCore.Platforms": {
        "type": "Transitive",
        "resolved": "1.1.0",
        "contentHash": "kz0PEW2lhqygehI/d6XsPCQzD7ff7gUJaVGPVETX611eadGsA3A877GdSlU0LRVMCTH/+P3o2iDTak+S08V2+A=="
      },
      "Microsoft.OpenApi": {
        "type": "Transitive",
        "resolved": "2.0.0",
        "contentHash": "GGYLfzV/G/ct80OZ45JxnWP7NvMX1BCugn/lX7TH5o0lcVaviavsLMTxmFV2AybXWjbi3h6FF1vgZiTK6PXndw=="
      },
      "NETStandard.Library": {
        "type": "Transitive",
        "resolved": "1.6.1",
        "contentHash": "WcSp3+vP+yHNgS8EV5J7pZ9IRpeDuARBPN28by8zqff1wJQXm26PVU8L3/fYLBJVU7BtDyqNVWq2KlCVvSSR4A==",
        "dependencies": {
          "Microsoft.NETCore.Platforms": "1.1.0"
        }
      },
      "Newtonsoft.Json": {
        "type": "Transitive",
        "resolved": "13.0.3",
        "contentHash": "HrC5BXdl00IP9zeV+0Z848QWPAoCr9P3bDEZguI+gkLcBKAOxix/tLEAAHC+UvDNPv4a2d18lOReHMOagPa+zQ=="
      },
      "OpenTelemetry": {
        "type": "Transitive",
        "resolved": "1.15.2",
        "contentHash": "XwXZR69HnMBwwzvVg6ONRoPl5jeSFJkqOftHLcbSvl9DG6vY1j0OJut3cHu9Vmc5r2zgEDIQclAqpDtbhPNQZA==",
        "dependencies": {
          "OpenTelemetry.Api.ProviderBuilderExtensions": "1.15.2"
        }
      },
      "OpenTelemetry.Api": {
        "type": "Transitive",
        "resolved": "1.15.2",
        "contentHash": "7zeBVUVhVyVjzOUvEj8o+NkpEOKq77zjxH8akZBlN9LjuaSPUW/yV4EJrs393wxSLWC4eun1qwTN9NY21k5ixQ=="
      },
      "OpenTelemetry.Api.ProviderBuilderExtensions": {
        "type": "Transitive",
        "resolved": "1.15.2",
        "contentHash": "+UIz3GpBUrapW5IRnvPGdvVhhvW686lbIcNo/7ENOjB++djsdEsFxILTFYJ673cU0l8Da/OtV+IcE49OKJUM5w==",
        "dependencies": {
          "OpenTelemetry.Api": "1.15.2"
        }
      },
      "Serilog": {
        "type": "Transitive",
        "resolved": "4.3.0",
        "contentHash": "+cDryFR0GRhsGOnZSKwaDzRRl4MupvJ42FhCE4zhQRVanX0Jpg6WuCBk59OVhVDPmab1bB+nRykAnykYELA9qQ=="
      },
      "Serilog.Extensions.Hosting": {
        "type": "Transitive",
        "resolved": "10.0.0",
        "contentHash": "E7juuIc+gzoGxgzFooFgAV8g9BfiSXNKsUok9NmEpyAXg2odkcPsMa/Yo4axkJRlh0se7mkYQ1GXDaBemR+b6w==",
        "dependencies": {
          "Serilog": "4.3.0",
          "Serilog.Extensions.Logging": "10.0.0"
        }
      },
      "Serilog.Extensions.Logging": {
        "type": "Transitive",
        "resolved": "10.0.0",
        "contentHash": "vx0kABKl2dWbBhhqAfTOk53/i8aV/5VaT3a6il9gn72Wqs2pM7EK2OB6No6xdqK2IaY6Zf9gdjLuK9BVa2rT+Q==",
        "dependencies": {
          "Serilog": "4.2.0"
        }
      },
      "Serilog.Formatting.Compact": {
        "type": "Transitive",
        "resolved": "3.0.0",
        "contentHash": "wQsv14w9cqlfB5FX2MZpNsTawckN4a8dryuNGbebB/3Nh1pXnROHZov3swtu3Nj5oNG7Ba+xdu7Et/ulAUPanQ==",
        "dependencies": {
          "Serilog": "4.0.0"
        }
      },
      "Serilog.Settings.Configuration": {
        "type": "Transitive",
        "resolved": "10.0.0",
        "contentHash": "LNq+ibS1sbhTqPV1FIE69/9AJJbfaOhnaqkzcjFy95o+4U+STsta9mi97f1smgXsWYKICDeGUf8xUGzd/52/uA==",
        "dependencies": {
          "Microsoft.Extensions.DependencyModel": "10.0.0",
          "Serilog": "4.3.0"
        }
      },
      "Serilog.Sinks.Debug": {
        "type": "Transitive",
        "resolved": "3.0.0",
        "contentHash": "4BzXcdrgRX7wde9PmHuYd9U6YqycCC28hhpKonK7hx0wb19eiuRj16fPcPSVp0o/Y1ipJuNLYQ00R3q2Zs8FDA==",
        "dependencies": {
          "Serilog": "4.0.0"
        }
      },
      "Serilog.Sinks.File": {
        "type": "Transitive",
        "resolved": "7.0.0",
        "contentHash": "fKL7mXv7qaiNBUC71ssvn/dU0k9t0o45+qm2XgKAlSt19xF+ijjxyA3R6HmCgfKEKwfcfkwWjayuQtRueZFkYw==",
        "dependencies": {
          "Serilog": "4.2.0"
        }
      },
      "Sprache": {
        "type": "Transitive",
        "resolved": "2.3.1",
        "contentHash": "Q+mXeiTxiUYG3lKYF6TS82/SyB4F2613Q1yXTMwg4jWGHEEVC3yrzHtNcI4B3qnDI0+eJsezGJ0V+cToUytHWw=="
      },
      "System.Configuration.ConfigurationManager": {
        "type": "Transitive",
        "resolved": "9.0.0",
        "contentHash": "PdkuMrwDhXoKFo/JxISIi9E8L+QGn9Iquj2OKDWHB6Y/HnUOuBouF7uS3R4Hw3FoNmwwMo6hWgazQdyHIIs27A==",
        "dependencies": {
          "System.Security.Cryptography.ProtectedData": "9.0.0"
        }
      },
      "System.Security.Cryptography.ProtectedData": {
        "type": "Transitive",
        "resolved": "9.0.0",
        "contentHash": "CJW+x/F6fmRQ7N6K8paasTw9PDZp4t7G76UjGNlSDgoHPF0h08vTzLYbLZpOLEJSg35d5wy2jCXGo84EN05DpQ=="
      },
      "TestableIO.System.IO.Abstractions": {
        "type": "Transitive",
        "resolved": "21.2.1",
        "contentHash": "47NQXrfVUF+0b8W5EMnERR7FpgWE04wuYR1s9WvlNyh1hnRMGDPOvmewBLIZUG88Rhj9buzG3VVR8sAgH7TzjA=="
      },
      "TestableIO.System.IO.Abstractions.Wrappers": {
        "type": "Transitive",
        "resolved": "21.2.1",
        "contentHash": "a0jzTAZRIic40USnf8b59EbJ6+hh/kndLV3mTxgSGBkjei/H9qjULOtk/ZHQtRD8lLaUav7ZsMZn6JiwCgDmEw==",
        "dependencies": {
          "TestableIO.System.IO.Abstractions": "21.2.1"
        }
      }
    }
  }
}